// !$*UTF8*$!
{
	archiveVersion = 1;
	classes = {
	};
	objectVersion = 56;
	objects = {

/* Begin PBXBuildFile section */
		4F051BBD29DC6FCE005F223A /* PhotoCollectionViewCell.swift in Sources */ = {isa = PBXBuildFile; fileRef = 4F051BBC29DC6FCE005F223A /* PhotoCollectionViewCell.swift */; };
		4F13BB7A29D5E8A700901944 /* ModuleBuilder.swift in Sources */ = {isa = PBXBuildFile; fileRef = 4F13BB7929D5E8A700901944 /* ModuleBuilder.swift */; };
		4F13BB7C29D5E9BF00901944 /* Router.swift in Sources */ = {isa = PBXBuildFile; fileRef = 4F13BB7B29D5E9BF00901944 /* Router.swift */; };
		4F13BB7E29D5EB9400901944 /* PhotoGridViewController.swift in Sources */ = {isa = PBXBuildFile; fileRef = 4F13BB7D29D5EB9400901944 /* PhotoGridViewController.swift */; };
		4FA72F2529D2064F00172B4B /* AccessModel.swift in Sources */ = {isa = PBXBuildFile; fileRef = 4FA72F2429D2064F00172B4B /* AccessModel.swift */; };
		4FA72F2829D2078600172B4B /* AccessPresenter.swift in Sources */ = {isa = PBXBuildFile; fileRef = 4FA72F2729D2078600172B4B /* AccessPresenter.swift */; };
		4FC5C99829E02C67009A351B /* ToolType.swift in Sources */ = {isa = PBXBuildFile; fileRef = 4FC5C99729E02C67009A351B /* ToolType.swift */; };
		4FCEE4CA29CE0F5F000232C2 /* AppDelegate.swift in Sources */ = {isa = PBXBuildFile; fileRef = 4FCEE4C929CE0F5F000232C2 /* AppDelegate.swift */; };
		4FCEE4CC29CE0F5F000232C2 /* SceneDelegate.swift in Sources */ = {isa = PBXBuildFile; fileRef = 4FCEE4CB29CE0F5F000232C2 /* SceneDelegate.swift */; };
		4FCEE4CE29CE0F5F000232C2 /* AccessViewController.swift in Sources */ = {isa = PBXBuildFile; fileRef = 4FCEE4CD29CE0F5F000232C2 /* AccessViewController.swift */; };
		4FCEE4D329CE0F60000232C2 /* Assets.xcassets in Resources */ = {isa = PBXBuildFile; fileRef = 4FCEE4D229CE0F60000232C2 /* Assets.xcassets */; };
		4FCEE4D629CE0F60000232C2 /* LaunchScreen.storyboard in Resources */ = {isa = PBXBuildFile; fileRef = 4FCEE4D429CE0F60000232C2 /* LaunchScreen.storyboard */; };
		4FCEE4DF29CE14BF000232C2 /* AccessView.swift in Sources */ = {isa = PBXBuildFile; fileRef = 4FCEE4DE29CE14BF000232C2 /* AccessView.swift */; };
		4FCEE4E229CE162D000232C2 /* Lottie in Frameworks */ = {isa = PBXBuildFile; productRef = 4FCEE4E129CE162D000232C2 /* Lottie */; };
		4FCEE4E429CE1713000232C2 /* duck.json in Resources */ = {isa = PBXBuildFile; fileRef = 4FCEE4E329CE1713000232C2 /* duck.json */; };
/* End PBXBuildFile section */

/* Begin PBXFileReference section */
		4F051BBC29DC6FCE005F223A /* PhotoCollectionViewCell.swift */ = {isa = PBXFileReference; lastKnownFileType = sourcecode.swift; path = PhotoCollectionViewCell.swift; sourceTree = "<group>"; };
		4F13BB7929D5E8A700901944 /* ModuleBuilder.swift */ = {isa = PBXFileReference; lastKnownFileType = sourcecode.swift; path = ModuleBuilder.swift; sourceTree = "<group>"; };
		4F13BB7B29D5E9BF00901944 /* Router.swift */ = {isa = PBXFileReference; lastKnownFileType = sourcecode.swift; path = Router.swift; sourceTree = "<group>"; };
		4F13BB7D29D5EB9400901944 /* PhotoGridViewController.swift */ = {isa = PBXFileReference; lastKnownFileType = sourcecode.swift; path = PhotoGridViewController.swift; sourceTree = "<group>"; };
		4FA72F2429D2064F00172B4B /* AccessModel.swift */ = {isa = PBXFileReference; lastKnownFileType = sourcecode.swift; path = AccessModel.swift; sourceTree = "<group>"; };
		4FA72F2729D2078600172B4B /* AccessPresenter.swift */ = {isa = PBXFileReference; lastKnownFileType = sourcecode.swift; path = AccessPresenter.swift; sourceTree = "<group>"; };
		4FC5C99729E02C67009A351B /* ToolType.swift */ = {isa = PBXFileReference; lastKnownFileType = sourcecode.swift; path = ToolType.swift; sourceTree = "<group>"; };
		4FCEE4C629CE0F5F000232C2 /* TelegramContest.app */ = {isa = PBXFileReference; explicitFileType = wrapper.application; includeInIndex = 0; path = TelegramContest.app; sourceTree = BUILT_PRODUCTS_DIR; };
		4FCEE4C929CE0F5F000232C2 /* AppDelegate.swift */ = {isa = PBXFileReference; lastKnownFileType = sourcecode.swift; path = AppDelegate.swift; sourceTree = "<group>"; };
		4FCEE4CB29CE0F5F000232C2 /* SceneDelegate.swift */ = {isa = PBXFileReference; lastKnownFileType = sourcecode.swift; path = SceneDelegate.swift; sourceTree = "<group>"; };
		4FCEE4CD29CE0F5F000232C2 /* AccessViewController.swift */ = {isa = PBXFileReference; lastKnownFileType = sourcecode.swift; path = AccessViewController.swift; sourceTree = "<group>"; };
		4FCEE4D229CE0F60000232C2 /* Assets.xcassets */ = {isa = PBXFileReference; lastKnownFileType = folder.assetcatalog; path = Assets.xcassets; sourceTree = "<group>"; };
		4FCEE4D529CE0F60000232C2 /* Base */ = {isa = PBXFileReference; lastKnownFileType = file.storyboard; name = Base; path = Base.lproj/LaunchScreen.storyboard; sourceTree = "<group>"; };
		4FCEE4D729CE0F60000232C2 /* Info.plist */ = {isa = PBXFileReference; lastKnownFileType = text.plist.xml; path = Info.plist; sourceTree = "<group>"; };
		4FCEE4DE29CE14BF000232C2 /* AccessView.swift */ = {isa = PBXFileReference; lastKnownFileType = sourcecode.swift; path = AccessView.swift; sourceTree = "<group>"; };
		4FCEE4E329CE1713000232C2 /* duck.json */ = {isa = PBXFileReference; fileEncoding = 4; lastKnownFileType = text.json; path = duck.json; sourceTree = "<group>"; };
/* End PBXFileReference section */

/* Begin PBXFrameworksBuildPhase section */
		4FCEE4C329CE0F5F000232C2 /* Frameworks */ = {
			isa = PBXFrameworksBuildPhase;
			buildActionMask = 2147483647;
			files = (
				4FCEE4E229CE162D000232C2 /* Lottie in Frameworks */,
			);
			runOnlyForDeploymentPostprocessing = 0;
		};
/* End PBXFrameworksBuildPhase section */

/* Begin PBXGroup section */
		4F13BB7F29D5EBA400901944 /* PhotoGridModule */ = {
			isa = PBXGroup;
			children = (
				4F13BB7D29D5EB9400901944 /* PhotoGridViewController.swift */,
				4F051BBC29DC6FCE005F223A /* PhotoCollectionViewCell.swift */,
			);
			path = PhotoGridModule;
			sourceTree = "<group>";
		};
		4FA72F2329D2063B00172B4B /* Model */ = {
			isa = PBXGroup;
			children = (
				4FA72F2429D2064F00172B4B /* AccessModel.swift */,
			);
			path = Model;
			sourceTree = "<group>";
		};
		4FA72F2629D2074C00172B4B /* Presenter */ = {
			isa = PBXGroup;
			children = (
				4FA72F2729D2078600172B4B /* AccessPresenter.swift */,
			);
			path = Presenter;
			sourceTree = "<group>";
		};
		4FA72F2929D21B8400172B4B /* AccessModule */ = {
			isa = PBXGroup;
			children = (
				4FCEE4DD29CE1434000232C2 /* View */,
				4FA72F2329D2063B00172B4B /* Model */,
				4FA72F2629D2074C00172B4B /* Presenter */,
			);
			path = AccessModule;
			sourceTree = "<group>";
		};
		4FC5C99929E02C6E009A351B /* DrawingModule */ = {
			isa = PBXGroup;
			children = (
				4FC5C99A29E02C89009A351B /* View */,
				4FC5C99729E02C67009A351B /* ToolType.swift */,
			);
			path = DrawingModule;
			sourceTree = "<group>";
		};
		4FC5C99A29E02C89009A351B /* View */ = {
			isa = PBXGroup;
			children = (
			);
			path = View;
			sourceTree = "<group>";
		};
		4FCEE4BD29CE0F5F000232C2 = {
			isa = PBXGroup;
			children = (
				4FCEE4C829CE0F5F000232C2 /* TelegramContest */,
				4FCEE4C729CE0F5F000232C2 /* Products */,
			);
			sourceTree = "<group>";
		};
		4FCEE4C729CE0F5F000232C2 /* Products */ = {
			isa = PBXGroup;
			children = (
				4FCEE4C629CE0F5F000232C2 /* TelegramContest.app */,
			);
			name = Products;
			sourceTree = "<group>";
		};
		4FCEE4C829CE0F5F000232C2 /* TelegramContest */ = {
			isa = PBXGroup;
			children = (
				4FCEE4C929CE0F5F000232C2 /* AppDelegate.swift */,
				4FCEE4CB29CE0F5F000232C2 /* SceneDelegate.swift */,
				4F13BB7929D5E8A700901944 /* ModuleBuilder.swift */,
				4F13BB7B29D5E9BF00901944 /* Router.swift */,
				4FC5C99929E02C6E009A351B /* DrawingModule */,
				4F13BB7F29D5EBA400901944 /* PhotoGridModule */,
				4FA72F2929D21B8400172B4B /* AccessModule */,
				4FCEE4D229CE0F60000232C2 /* Assets.xcassets */,
				4FCEE4D429CE0F60000232C2 /* LaunchScreen.storyboard */,
				4FCEE4D729CE0F60000232C2 /* Info.plist */,
				4FCEE4E329CE1713000232C2 /* duck.json */,
			);
			path = TelegramContest;
			sourceTree = "<group>";
		};
		4FCEE4DD29CE1434000232C2 /* View */ = {
			isa = PBXGroup;
			children = (
				4FCEE4CD29CE0F5F000232C2 /* AccessViewController.swift */,
				4FCEE4DE29CE14BF000232C2 /* AccessView.swift */,
			);
			path = View;
			sourceTree = "<group>";
		};
/* End PBXGroup section */

/* Begin PBXNativeTarget section */
		4FCEE4C529CE0F5F000232C2 /* TelegramContest */ = {
			isa = PBXNativeTarget;
			buildConfigurationList = 4FCEE4DA29CE0F60000232C2 /* Build configuration list for PBXNativeTarget "TelegramContest" */;
			buildPhases = (
				4FCEE4C229CE0F5F000232C2 /* Sources */,
				4FCEE4C329CE0F5F000232C2 /* Frameworks */,
				4FCEE4C429CE0F5F000232C2 /* Resources */,
			);
			buildRules = (
			);
			dependencies = (
			);
			name = TelegramContest;
			packageProductDependencies = (
				4FCEE4E129CE162D000232C2 /* Lottie */,
			);
			productName = TelegramContest;
			productReference = 4FCEE4C629CE0F5F000232C2 /* TelegramContest.app */;
			productType = "com.apple.product-type.application";
		};
/* End PBXNativeTarget section */

/* Begin PBXProject section */
		4FCEE4BE29CE0F5F000232C2 /* Project object */ = {
			isa = PBXProject;
			attributes = {
				BuildIndependentTargetsInParallel = 1;
				LastSwiftUpdateCheck = 1420;
				LastUpgradeCheck = 1420;
				TargetAttributes = {
					4FCEE4C529CE0F5F000232C2 = {
						CreatedOnToolsVersion = 14.2;
					};
				};
			};
			buildConfigurationList = 4FCEE4C129CE0F5F000232C2 /* Build configuration list for PBXProject "TelegramContest" */;
			compatibilityVersion = "Xcode 14.0";
			developmentRegion = en;
			hasScannedForEncodings = 0;
			knownRegions = (
				en,
				Base,
			);
			mainGroup = 4FCEE4BD29CE0F5F000232C2;
			packageReferences = (
				4FCEE4E029CE162D000232C2 /* XCRemoteSwiftPackageReference "lottie-spm" */,
			);
			productRefGroup = 4FCEE4C729CE0F5F000232C2 /* Products */;
			projectDirPath = "";
			projectRoot = "";
			targets = (
				4FCEE4C529CE0F5F000232C2 /* TelegramContest */,
			);
		};
/* End PBXProject section */

/* Begin PBXResourcesBuildPhase section */
		4FCEE4C429CE0F5F000232C2 /* Resources */ = {
			isa = PBXResourcesBuildPhase;
			buildActionMask = 2147483647;
			files = (
				4FCEE4D629CE0F60000232C2 /* LaunchScreen.storyboard in Resources */,
				4FCEE4E429CE1713000232C2 /* duck.json in Resources */,
				4FCEE4D329CE0F60000232C2 /* Assets.xcassets in Resources */,
			);
			runOnlyForDeploymentPostprocessing = 0;
		};
/* End PBXResourcesBuildPhase section */

/* Begin PBXSourcesBuildPhase section */
		4FCEE4C229CE0F5F000232C2 /* Sources */ = {
			isa = PBXSourcesBuildPhase;
			buildActionMask = 2147483647;
			files = (
				4F13BB7C29D5E9BF00901944 /* Router.swift in Sources */,
				4FA72F2829D2078600172B4B /* AccessPresenter.swift in Sources */,
				4FCEE4DF29CE14BF000232C2 /* AccessView.swift in Sources */,
				4FCEE4CE29CE0F5F000232C2 /* AccessViewController.swift in Sources */,
				4FA72F2529D2064F00172B4B /* AccessModel.swift in Sources */,
				4FC5C99829E02C67009A351B /* ToolType.swift in Sources */,
				4F13BB7E29D5EB9400901944 /* PhotoGridViewController.swift in Sources */,
				4F13BB7A29D5E8A700901944 /* ModuleBuilder.swift in Sources */,
				4FCEE4CA29CE0F5F000232C2 /* AppDelegate.swift in Sources */,
				4F051BBD29DC6FCE005F223A /* PhotoCollectionViewCell.swift in Sources */,
				4FCEE4CC29CE0F5F000232C2 /* SceneDelegate.swift in Sources */,
			);
			runOnlyForDeploymentPostprocessing = 0;
		};
/* End PBXSourcesBuildPhase section */

/* Begin PBXVariantGroup section */
		4FCEE4D429CE0F60000232C2 /* LaunchScreen.storyboard */ = {
			isa = PBXVariantGroup;
			children = (
				4FCEE4D529CE0F60000232C2 /* Base */,
			);
			name = LaunchScreen.storyboard;
			sourceTree = "<group>";
		};
/* End PBXVariantGroup section */

/* Begin XCBuildConfiguration section */
		4FCEE4D829CE0F60000232C2 /* Debug */ = {
			isa = XCBuildConfiguration;
			buildSettings = {
				ALWAYS_SEARCH_USER_PATHS = NO;
				CLANG_ANALYZER_NONNULL = YES;
				CLANG_ANALYZER_NUMBER_OBJECT_CONVERSION = YES_AGGRESSIVE;
				CLANG_CXX_LANGUAGE_STANDARD = "gnu++20";
				CLANG_ENABLE_MODULES = YES;
				CLANG_ENABLE_OBJC_ARC = YES;
				CLANG_ENABLE_OBJC_WEAK = YES;
				CLANG_WARN_BLOCK_CAPTURE_AUTORELEASING = YES;
				CLANG_WARN_BOOL_CONVERSION = YES;
				CLANG_WARN_COMMA = YES;
				CLANG_WARN_CONSTANT_CONVERSION = YES;
				CLANG_WARN_DEPRECATED_OBJC_IMPLEMENTATIONS = YES;
				CLANG_WARN_DIRECT_OBJC_ISA_USAGE = YES_ERROR;
				CLANG_WARN_DOCUMENTATION_COMMENTS = YES;
				CLANG_WARN_EMPTY_BODY = YES;
				CLANG_WARN_ENUM_CONVERSION = YES;
				CLANG_WARN_INFINITE_RECURSION = YES;
				CLANG_WARN_INT_CONVERSION = YES;
				CLANG_WARN_NON_LITERAL_NULL_CONVERSION = YES;
				CLANG_WARN_OBJC_IMPLICIT_RETAIN_SELF = YES;
				CLANG_WARN_OBJC_LITERAL_CONVERSION = YES;
				CLANG_WARN_OBJC_ROOT_CLASS = YES_ERROR;
				CLANG_WARN_QUOTED_INCLUDE_IN_FRAMEWORK_HEADER = YES;
				CLANG_WARN_RANGE_LOOP_ANALYSIS = YES;
				CLANG_WARN_STRICT_PROTOTYPES = YES;
				CLANG_WARN_SUSPICIOUS_MOVE = YES;
				CLANG_WARN_UNGUARDED_AVAILABILITY = YES_AGGRESSIVE;
				CLANG_WARN_UNREACHABLE_CODE = YES;
				CLANG_WARN__DUPLICATE_METHOD_MATCH = YES;
				COPY_PHASE_STRIP = NO;
				DEBUG_INFORMATION_FORMAT = dwarf;
				ENABLE_STRICT_OBJC_MSGSEND = YES;
				ENABLE_TESTABILITY = YES;
				GCC_C_LANGUAGE_STANDARD = gnu11;
				GCC_DYNAMIC_NO_PIC = NO;
				GCC_NO_COMMON_BLOCKS = YES;
				GCC_OPTIMIZATION_LEVEL = 0;
				GCC_PREPROCESSOR_DEFINITIONS = (
					"DEBUG=1",
					"$(inherited)",
				);
				GCC_WARN_64_TO_32_BIT_CONVERSION = YES;
				GCC_WARN_ABOUT_RETURN_TYPE = YES_ERROR;
				GCC_WARN_UNDECLARED_SELECTOR = YES;
				GCC_WARN_UNINITIALIZED_AUTOS = YES_AGGRESSIVE;
				GCC_WARN_UNUSED_FUNCTION = YES;
				GCC_WARN_UNUSED_VARIABLE = YES;
				IPHONEOS_DEPLOYMENT_TARGET = 16.2;
				MTL_ENABLE_DEBUG_INFO = INCLUDE_SOURCE;
				MTL_FAST_MATH = YES;
				ONLY_ACTIVE_ARCH = YES;
				SDKROOT = iphoneos;
				SWIFT_ACTIVE_COMPILATION_CONDITIONS = DEBUG;
				SWIFT_OPTIMIZATION_LEVEL = "-Onone";
			};
			name = Debug;
		};
		4FCEE4D929CE0F60000232C2 /* Release */ = {
			isa = XCBuildConfiguration;
			buildSettings = {
				ALWAYS_SEARCH_USER_PATHS = NO;
				CLANG_ANALYZER_NONNULL = YES;
				CLANG_ANALYZER_NUMBER_OBJECT_CONVERSION = YES_AGGRESSIVE;
				CLANG_CXX_LANGUAGE_STANDARD = "gnu++20";
				CLANG_ENABLE_MODULES = YES;
				CLANG_ENABLE_OBJC_ARC = YES;
				CLANG_ENABLE_OBJC_WEAK = YES;
				CLANG_WARN_BLOCK_CAPTURE_AUTORELEASING = YES;
				CLANG_WARN_BOOL_CONVERSION = YES;
				CLANG_WARN_COMMA = YES;
				CLANG_WARN_CONSTANT_CONVERSION = YES;
				CLANG_WARN_DEPRECATED_OBJC_IMPLEMENTATIONS = YES;
				CLANG_WARN_DIRECT_OBJC_ISA_USAGE = YES_ERROR;
				CLANG_WARN_DOCUMENTATION_COMMENTS = YES;
				CLANG_WARN_EMPTY_BODY = YES;
				CLANG_WARN_ENUM_CONVERSION = YES;
				CLANG_WARN_INFINITE_RECURSION = YES;
				CLANG_WARN_INT_CONVERSION = YES;
				CLANG_WARN_NON_LITERAL_NULL_CONVERSION = YES;
				CLANG_WARN_OBJC_IMPLICIT_RETAIN_SELF = YES;
				CLANG_WARN_OBJC_LITERAL_CONVERSION = YES;
				CLANG_WARN_OBJC_ROOT_CLASS = YES_ERROR;
				CLANG_WARN_QUOTED_INCLUDE_IN_FRAMEWORK_HEADER = YES;
				CLANG_WARN_RANGE_LOOP_ANALYSIS = YES;
				CLANG_WARN_STRICT_PROTOTYPES = YES;
				CLANG_WARN_SUSPICIOUS_MOVE = YES;
				CLANG_WARN_UNGUARDED_AVAILABILITY = YES_AGGRESSIVE;
				CLANG_WARN_UNREACHABLE_CODE = YES;
				CLANG_WARN__DUPLICATE_METHOD_MATCH = YES;
				COPY_PHASE_STRIP = NO;
				DEBUG_INFORMATION_FORMAT = "dwarf-with-dsym";
				ENABLE_NS_ASSERTIONS = NO;
				ENABLE_STRICT_OBJC_MSGSEND = YES;
				GCC_C_LANGUAGE_STANDARD = gnu11;
				GCC_NO_COMMON_BLOCKS = YES;
				GCC_WARN_64_TO_32_BIT_CONVERSION = YES;
				GCC_WARN_ABOUT_RETURN_TYPE = YES_ERROR;
				GCC_WARN_UNDECLARED_SELECTOR = YES;
				GCC_WARN_UNINITIALIZED_AUTOS = YES_AGGRESSIVE;
				GCC_WARN_UNUSED_FUNCTION = YES;
				GCC_WARN_UNUSED_VARIABLE = YES;
				IPHONEOS_DEPLOYMENT_TARGET = 16.2;
				MTL_ENABLE_DEBUG_INFO = NO;
				MTL_FAST_MATH = YES;
				SDKROOT = iphoneos;
				SWIFT_COMPILATION_MODE = wholemodule;
				SWIFT_OPTIMIZATION_LEVEL = "-O";
				VALIDATE_PRODUCT = YES;
			};
			name = Release;
		};
		4FCEE4DB29CE0F60000232C2 /* Debug */ = {
			isa = XCBuildConfiguration;
			buildSettings = {
				ASSETCATALOG_COMPILER_APPICON_NAME = AppIcon;
				ASSETCATALOG_COMPILER_GLOBAL_ACCENT_COLOR_NAME = AccentColor;
				CODE_SIGN_STYLE = Automatic;
				CURRENT_PROJECT_VERSION = 1;
				DEVELOPMENT_TEAM = 8QNN7VX268;
				GENERATE_INFOPLIST_FILE = YES;
				INFOPLIST_FILE = TelegramContest/Info.plist;
				INFOPLIST_KEY_UIApplicationSupportsIndirectInputEvents = YES;
				INFOPLIST_KEY_UILaunchStoryboardName = LaunchScreen;
				INFOPLIST_KEY_UIMainStoryboardFile = "";
				INFOPLIST_KEY_UISupportedInterfaceOrientations = UIInterfaceOrientationPortrait;
				INFOPLIST_KEY_UISupportedInterfaceOrientations_iPad = "UIInterfaceOrientationLandscapeLeft UIInterfaceOrientationLandscapeRight UIInterfaceOrientationPortrait UIInterfaceOrientationPortraitUpsideDown";
				IPHONEOS_DEPLOYMENT_TARGET = 14.5;
				LD_RUNPATH_SEARCH_PATHS = (
					"$(inherited)",
					"@executable_path/Frameworks",
				);
				MARKETING_VERSION = 1.0;
				PRODUCT_BUNDLE_IDENTIFIER = personal.TelegramContest;
				PRODUCT_NAME = "$(TARGET_NAME)";
				SUPPORTED_PLATFORMS = "iphoneos iphonesimulator";
				SUPPORTS_MACCATALYST = NO;
				SUPPORTS_MAC_DESIGNED_FOR_IPHONE_IPAD = NO;
				SWIFT_EMIT_LOC_STRINGS = YES;
				SWIFT_VERSION = 5.0;
				TARGETED_DEVICE_FAMILY = 1;
			};
			name = Debug;
		};
		4FCEE4DC29CE0F60000232C2 /* Release */ = {
			isa = XCBuildConfiguration;
			buildSettings = {
				ASSETCATALOG_COMPILER_APPICON_NAME = AppIcon;
				ASSETCATALOG_COMPILER_GLOBAL_ACCENT_COLOR_NAME = AccentColor;
				CODE_SIGN_STYLE = Automatic;
				CURRENT_PROJECT_VERSION = 1;
				DEVELOPMENT_TEAM = 8QNN7VX268;
				GENERATE_INFOPLIST_FILE = YES;
				INFOPLIST_FILE = TelegramContest/Info.plist;
				INFOPLIST_KEY_UIApplicationSupportsIndirectInputEvents = YES;
				INFOPLIST_KEY_UILaunchStoryboardName = LaunchScreen;
				INFOPLIST_KEY_UIMainStoryboardFile = "";
				INFOPLIST_KEY_UISupportedInterfaceOrientations = UIInterfaceOrientationPortrait;
				INFOPLIST_KEY_UISupportedInterfaceOrientations_iPad = "UIInterfaceOrientationLandscapeLeft UIInterfaceOrientationLandscapeRight UIInterfaceOrientationPortrait UIInterfaceOrientationPortraitUpsideDown";
				IPHONEOS_DEPLOYMENT_TARGET = 14.5;
				LD_RUNPATH_SEARCH_PATHS = (
					"$(inherited)",
					"@executable_path/Frameworks",
				);
				MARKETING_VERSION = 1.0;
				PRODUCT_BUNDLE_IDENTIFIER = personal.TelegramContest;
				PRODUCT_NAME = "$(TARGET_NAME)";
				SUPPORTED_PLATFORMS = "iphoneos iphonesimulator";
				SUPPORTS_MACCATALYST = NO;
				SUPPORTS_MAC_DESIGNED_FOR_IPHONE_IPAD = NO;
				SWIFT_EMIT_LOC_STRINGS = YES;
				SWIFT_VERSION = 5.0;
				TARGETED_DEVICE_FAMILY = 1;
			};
			name = Release;
		};
/* End XCBuildConfiguration section */

/* Begin XCConfigurationList section */
		4FCEE4C129CE0F5F000232C2 /* Build configuration list for PBXProject "TelegramContest" */ = {
			isa = XCConfigurationList;
			buildConfigurations = (
				4FCEE4D829CE0F60000232C2 /* Debug */,
				4FCEE4D929CE0F60000232C2 /* Release */,
			);
			defaultConfigurationIsVisible = 0;
			defaultConfigurationName = Release;
		};
		4FCEE4DA29CE0F60000232C2 /* Build configuration list for PBXNativeTarget "TelegramContest" */ = {
			isa = XCConfigurationList;
			buildConfigurations = (
				4FCEE4DB29CE0F60000232C2 /* Debug */,
				4FCEE4DC29CE0F60000232C2 /* Release */,
			);
			defaultConfigurationIsVisible = 0;
			defaultConfigurationName = Release;
		};
/* End XCConfigurationList section */

/* Begin XCRemoteSwiftPackageReference section */
		4FCEE4E029CE162D000232C2 /* XCRemoteSwiftPackageReference "lottie-spm" */ = {
			isa = XCRemoteSwiftPackageReference;
			repositoryURL = "https://github.com/airbnb/lottie-spm.git";
			requirement = {
				kind = upToNextMajorVersion;
				minimumVersion = 4.0.0;
			};
		};
/* End XCRemoteSwiftPackageReference section */

/* Begin XCSwiftPackageProductDependency section */
		4FCEE4E129CE162D000232C2 /* Lottie */ = {
			isa = XCSwiftPackageProductDependency;
			package = 4FCEE4E029CE162D000232C2 /* XCRemoteSwiftPackageReference "lottie-spm" */;
			productName = Lottie;
		};
/* End XCSwiftPackageProductDependency section */
	};
	rootObject = 4FCEE4BE29CE0F5F000232C2 /* Project object */;
}
