// !$*UTF8*$!
{
	archiveVersion = 1;
	classes = {
	};
	objectVersion = 56;
	objects = {

/* Begin PBXBuildFile section */
		4F04DA452A13CC8D00CBBAC2 /* SizeManager.swift in Sources */ = {isa = PBXBuildFile; fileRef = 4F04DA442A13CC8D00CBBAC2 /* SizeManager.swift */; };
		4F051BBD29DC6FCE005F223A /* PhotoCollectionViewCell.swift in Sources */ = {isa = PBXBuildFile; fileRef = 4F051BBC29DC6FCE005F223A /* PhotoCollectionViewCell.swift */; };
		4F0E19C629E71AD90042125A /* PhotoGridPresenter.swift in Sources */ = {isa = PBXBuildFile; fileRef = 4F0E19C529E71AD90042125A /* PhotoGridPresenter.swift */; };
		4F13BB7A29D5E8A700901944 /* ModuleBuilder.swift in Sources */ = {isa = PBXBuildFile; fileRef = 4F13BB7929D5E8A700901944 /* ModuleBuilder.swift */; };
		4F13BB7C29D5E9BF00901944 /* Router.swift in Sources */ = {isa = PBXBuildFile; fileRef = 4F13BB7B29D5E9BF00901944 /* Router.swift */; };
		4F13BB7E29D5EB9400901944 /* PhotoGridViewController.swift in Sources */ = {isa = PBXBuildFile; fileRef = 4F13BB7D29D5EB9400901944 /* PhotoGridViewController.swift */; };
		4F14D85729F57AFE00F16CC2 /* SegmentedMainEditorView.swift in Sources */ = {isa = PBXBuildFile; fileRef = 4F14D85629F57AFE00F16CC2 /* SegmentedMainEditorView.swift */; };
		4F14D85929F57CA700F16CC2 /* RoundSegmentedControl.swift in Sources */ = {isa = PBXBuildFile; fileRef = 4F14D85829F57CA700F16CC2 /* RoundSegmentedControl.swift */; };
		4F3768E62A09575300246824 /* TextView.swift in Sources */ = {isa = PBXBuildFile; fileRef = 4F3768E52A09575300246824 /* TextView.swift */; };
		4F3C73E329E81C1300FCF6D1 /* PhotoService.swift in Sources */ = {isa = PBXBuildFile; fileRef = 4F3C73E229E81C1300FCF6D1 /* PhotoService.swift */; };
		4F48BB2129EEFD73003A4F96 /* ShimmerButton.swift in Sources */ = {isa = PBXBuildFile; fileRef = 4F48BB2029EEFD73003A4F96 /* ShimmerButton.swift */; };
		4F4A571629FD837C00B7347B /* CustomSlider.swift in Sources */ = {isa = PBXBuildFile; fileRef = 4F4A571529FD837C00B7347B /* CustomSlider.swift */; };
		4F577E2729F448C100ADF032 /* Tool.swift in Sources */ = {isa = PBXBuildFile; fileRef = 4F577E2629F448C100ADF032 /* Tool.swift */; };
		4F5C380929F6E355000BB670 /* PhotoServiceProtocol.swift in Sources */ = {isa = PBXBuildFile; fileRef = 4F5C380829F6E355000BB670 /* PhotoServiceProtocol.swift */; };
		4F5C380C29F6E5F0000BB670 /* PHAssetExtension.swift in Sources */ = {isa = PBXBuildFile; fileRef = 4F5C380B29F6E5F0000BB670 /* PHAssetExtension.swift */; };
		4F794E8C29F809AB007F3EB9 /* GradientLayerView.swift in Sources */ = {isa = PBXBuildFile; fileRef = 4F794E8B29F809AB007F3EB9 /* GradientLayerView.swift */; };
		4F794EB029F82E7C007F3EB9 /* ToolEditorView.swift in Sources */ = {isa = PBXBuildFile; fileRef = 4F794EAF29F82E7C007F3EB9 /* ToolEditorView.swift */; };
		4F94DE5D29FFFECF00E30266 /* ContextMenuProtocol.swift in Sources */ = {isa = PBXBuildFile; fileRef = 4F94DE5C29FFFECF00E30266 /* ContextMenuProtocol.swift */; };
		4FA3C15429ED4AAB00CF75D5 /* AccessModuleProtocols.swift in Sources */ = {isa = PBXBuildFile; fileRef = 4FA3C15329ED4AAB00CF75D5 /* AccessModuleProtocols.swift */; };
		4FA3C15729ED4B7700CF75D5 /* PhotoGridModuleProtocols.swift in Sources */ = {isa = PBXBuildFile; fileRef = 4FA3C15629ED4B7700CF75D5 /* PhotoGridModuleProtocols.swift */; };
		4FA3C15A29ED4D7700CF75D5 /* DrawingModuleProtocols.swift in Sources */ = {isa = PBXBuildFile; fileRef = 4FA3C15929ED4D7700CF75D5 /* DrawingModuleProtocols.swift */; };
		4FA3C15D29ED4EC600CF75D5 /* DrawingPresenter.swift in Sources */ = {isa = PBXBuildFile; fileRef = 4FA3C15C29ED4EC600CF75D5 /* DrawingPresenter.swift */; };
		4FA3C15F29ED526700CF75D5 /* RouterProtocols.swift in Sources */ = {isa = PBXBuildFile; fileRef = 4FA3C15E29ED526700CF75D5 /* RouterProtocols.swift */; };
		4FA3C16329ED54B900CF75D5 /* ModuleBuilderProtocol.swift in Sources */ = {isa = PBXBuildFile; fileRef = 4FA3C16229ED54B900CF75D5 /* ModuleBuilderProtocol.swift */; };
		4FA4B14B2A1132DD0066A6A5 /* DrawOrTextSegment.swift in Sources */ = {isa = PBXBuildFile; fileRef = 4FA4B14A2A1132DD0066A6A5 /* DrawOrTextSegment.swift */; };
		4FA72F2829D2078600172B4B /* AccessPresenter.swift in Sources */ = {isa = PBXBuildFile; fileRef = 4FA72F2729D2078600172B4B /* AccessPresenter.swift */; };
		4FBF32122A1A348700B85D0D /* LeftMainEditorView.swift in Sources */ = {isa = PBXBuildFile; fileRef = 4FBF32112A1A348700B85D0D /* LeftMainEditorView.swift */; };
		4FBF32142A1A367000B85D0D /* RightMainEditorView.swift in Sources */ = {isa = PBXBuildFile; fileRef = 4FBF32132A1A367000B85D0D /* RightMainEditorView.swift */; };
		4FC5C9BC29E05049009A351B /* ContextMenuView.swift in Sources */ = {isa = PBXBuildFile; fileRef = 4FC5C9BB29E05049009A351B /* ContextMenuView.swift */; };
		4FCEE4CA29CE0F5F000232C2 /* AppDelegate.swift in Sources */ = {isa = PBXBuildFile; fileRef = 4FCEE4C929CE0F5F000232C2 /* AppDelegate.swift */; };
		4FCEE4CC29CE0F5F000232C2 /* SceneDelegate.swift in Sources */ = {isa = PBXBuildFile; fileRef = 4FCEE4CB29CE0F5F000232C2 /* SceneDelegate.swift */; };
		4FCEE4CE29CE0F5F000232C2 /* AccessViewController.swift in Sources */ = {isa = PBXBuildFile; fileRef = 4FCEE4CD29CE0F5F000232C2 /* AccessViewController.swift */; };
		4FCEE4D329CE0F60000232C2 /* Assets.xcassets in Resources */ = {isa = PBXBuildFile; fileRef = 4FCEE4D229CE0F60000232C2 /* Assets.xcassets */; };
		4FCEE4D629CE0F60000232C2 /* LaunchScreen.storyboard in Resources */ = {isa = PBXBuildFile; fileRef = 4FCEE4D429CE0F60000232C2 /* LaunchScreen.storyboard */; };
		4FCEE4DF29CE14BF000232C2 /* AccessView.swift in Sources */ = {isa = PBXBuildFile; fileRef = 4FCEE4DE29CE14BF000232C2 /* AccessView.swift */; };
		4FCEE4E229CE162D000232C2 /* Lottie in Frameworks */ = {isa = PBXBuildFile; productRef = 4FCEE4E129CE162D000232C2 /* Lottie */; };
		4FCEE4E429CE1713000232C2 /* duck.json in Resources */ = {isa = PBXBuildFile; fileRef = 4FCEE4E329CE1713000232C2 /* duck.json */; };
		4FF2E87329E494E3002F9FF3 /* DrawingViewController.swift in Sources */ = {isa = PBXBuildFile; fileRef = 4FF2E87229E494E3002F9FF3 /* DrawingViewController.swift */; };
/* End PBXBuildFile section */

/* Begin PBXFileReference section */
		4F04DA442A13CC8D00CBBAC2 /* SizeManager.swift */ = {isa = PBXFileReference; lastKnownFileType = sourcecode.swift; path = SizeManager.swift; sourceTree = "<group>"; };
		4F051BBC29DC6FCE005F223A /* PhotoCollectionViewCell.swift */ = {isa = PBXFileReference; lastKnownFileType = sourcecode.swift; path = PhotoCollectionViewCell.swift; sourceTree = "<group>"; };
		4F0E19C529E71AD90042125A /* PhotoGridPresenter.swift */ = {isa = PBXFileReference; lastKnownFileType = sourcecode.swift; path = PhotoGridPresenter.swift; sourceTree = "<group>"; };
		4F13BB7929D5E8A700901944 /* ModuleBuilder.swift */ = {isa = PBXFileReference; lastKnownFileType = sourcecode.swift; path = ModuleBuilder.swift; sourceTree = "<group>"; };
		4F13BB7B29D5E9BF00901944 /* Router.swift */ = {isa = PBXFileReference; lastKnownFileType = sourcecode.swift; path = Router.swift; sourceTree = "<group>"; };
		4F13BB7D29D5EB9400901944 /* PhotoGridViewController.swift */ = {isa = PBXFileReference; lastKnownFileType = sourcecode.swift; path = PhotoGridViewController.swift; sourceTree = "<group>"; };
		4F14D85629F57AFE00F16CC2 /* SegmentedMainEditorView.swift */ = {isa = PBXFileReference; lastKnownFileType = sourcecode.swift; path = SegmentedMainEditorView.swift; sourceTree = "<group>"; };
		4F14D85829F57CA700F16CC2 /* RoundSegmentedControl.swift */ = {isa = PBXFileReference; lastKnownFileType = sourcecode.swift; path = RoundSegmentedControl.swift; sourceTree = "<group>"; };
		4F3768E52A09575300246824 /* TextView.swift */ = {isa = PBXFileReference; lastKnownFileType = sourcecode.swift; path = TextView.swift; sourceTree = "<group>"; };
		4F3C73E229E81C1300FCF6D1 /* PhotoService.swift */ = {isa = PBXFileReference; lastKnownFileType = sourcecode.swift; path = PhotoService.swift; sourceTree = "<group>"; };
		4F48BB2029EEFD73003A4F96 /* ShimmerButton.swift */ = {isa = PBXFileReference; lastKnownFileType = sourcecode.swift; path = ShimmerButton.swift; sourceTree = "<group>"; };
		4F4A571529FD837C00B7347B /* CustomSlider.swift */ = {isa = PBXFileReference; lastKnownFileType = sourcecode.swift; path = CustomSlider.swift; sourceTree = "<group>"; };
		4F577E2629F448C100ADF032 /* Tool.swift */ = {isa = PBXFileReference; lastKnownFileType = sourcecode.swift; path = Tool.swift; sourceTree = "<group>"; };
		4F5C380829F6E355000BB670 /* PhotoServiceProtocol.swift */ = {isa = PBXFileReference; lastKnownFileType = sourcecode.swift; path = PhotoServiceProtocol.swift; sourceTree = "<group>"; };
		4F5C380B29F6E5F0000BB670 /* PHAssetExtension.swift */ = {isa = PBXFileReference; lastKnownFileType = sourcecode.swift; path = PHAssetExtension.swift; sourceTree = "<group>"; };
		4F794E8B29F809AB007F3EB9 /* GradientLayerView.swift */ = {isa = PBXFileReference; lastKnownFileType = sourcecode.swift; path = GradientLayerView.swift; sourceTree = "<group>"; };
		4F794EAF29F82E7C007F3EB9 /* ToolEditorView.swift */ = {isa = PBXFileReference; lastKnownFileType = sourcecode.swift; path = ToolEditorView.swift; sourceTree = "<group>"; };
		4F94DE5C29FFFECF00E30266 /* ContextMenuProtocol.swift */ = {isa = PBXFileReference; lastKnownFileType = sourcecode.swift; path = ContextMenuProtocol.swift; sourceTree = "<group>"; };
		4FA3C15329ED4AAB00CF75D5 /* AccessModuleProtocols.swift */ = {isa = PBXFileReference; lastKnownFileType = sourcecode.swift; path = AccessModuleProtocols.swift; sourceTree = "<group>"; };
		4FA3C15629ED4B7700CF75D5 /* PhotoGridModuleProtocols.swift */ = {isa = PBXFileReference; lastKnownFileType = sourcecode.swift; path = PhotoGridModuleProtocols.swift; sourceTree = "<group>"; };
		4FA3C15929ED4D7700CF75D5 /* DrawingModuleProtocols.swift */ = {isa = PBXFileReference; lastKnownFileType = sourcecode.swift; path = DrawingModuleProtocols.swift; sourceTree = "<group>"; };
		4FA3C15C29ED4EC600CF75D5 /* DrawingPresenter.swift */ = {isa = PBXFileReference; lastKnownFileType = sourcecode.swift; path = DrawingPresenter.swift; sourceTree = "<group>"; };
		4FA3C15E29ED526700CF75D5 /* RouterProtocols.swift */ = {isa = PBXFileReference; lastKnownFileType = sourcecode.swift; path = RouterProtocols.swift; sourceTree = "<group>"; };
		4FA3C16229ED54B900CF75D5 /* ModuleBuilderProtocol.swift */ = {isa = PBXFileReference; lastKnownFileType = sourcecode.swift; path = ModuleBuilderProtocol.swift; sourceTree = "<group>"; };
		4FA4B14A2A1132DD0066A6A5 /* DrawOrTextSegment.swift */ = {isa = PBXFileReference; lastKnownFileType = sourcecode.swift; path = DrawOrTextSegment.swift; sourceTree = "<group>"; };
		4FA72F2729D2078600172B4B /* AccessPresenter.swift */ = {isa = PBXFileReference; lastKnownFileType = sourcecode.swift; path = AccessPresenter.swift; sourceTree = "<group>"; };
		4FBF32112A1A348700B85D0D /* LeftMainEditorView.swift */ = {isa = PBXFileReference; lastKnownFileType = sourcecode.swift; path = LeftMainEditorView.swift; sourceTree = "<group>"; };
		4FBF32132A1A367000B85D0D /* RightMainEditorView.swift */ = {isa = PBXFileReference; lastKnownFileType = sourcecode.swift; path = RightMainEditorView.swift; sourceTree = "<group>"; };
		4FC5C9BB29E05049009A351B /* ContextMenuView.swift */ = {isa = PBXFileReference; lastKnownFileType = sourcecode.swift; path = ContextMenuView.swift; sourceTree = "<group>"; };
		4FCEE4C629CE0F5F000232C2 /* TelegramContest.app */ = {isa = PBXFileReference; explicitFileType = wrapper.application; includeInIndex = 0; path = TelegramContest.app; sourceTree = BUILT_PRODUCTS_DIR; };
		4FCEE4C929CE0F5F000232C2 /* AppDelegate.swift */ = {isa = PBXFileReference; lastKnownFileType = sourcecode.swift; path = AppDelegate.swift; sourceTree = "<group>"; };
		4FCEE4CB29CE0F5F000232C2 /* SceneDelegate.swift */ = {isa = PBXFileReference; lastKnownFileType = sourcecode.swift; path = SceneDelegate.swift; sourceTree = "<group>"; };
		4FCEE4CD29CE0F5F000232C2 /* AccessViewController.swift */ = {isa = PBXFileReference; lastKnownFileType = sourcecode.swift; path = AccessViewController.swift; sourceTree = "<group>"; };
		4FCEE4D229CE0F60000232C2 /* Assets.xcassets */ = {isa = PBXFileReference; lastKnownFileType = folder.assetcatalog; path = Assets.xcassets; sourceTree = "<group>"; };
		4FCEE4D529CE0F60000232C2 /* Base */ = {isa = PBXFileReference; lastKnownFileType = file.storyboard; name = Base; path = Base.lproj/LaunchScreen.storyboard; sourceTree = "<group>"; };
		4FCEE4D729CE0F60000232C2 /* Info.plist */ = {isa = PBXFileReference; lastKnownFileType = text.plist.xml; path = Info.plist; sourceTree = "<group>"; };
		4FCEE4DE29CE14BF000232C2 /* AccessView.swift */ = {isa = PBXFileReference; lastKnownFileType = sourcecode.swift; path = AccessView.swift; sourceTree = "<group>"; };
		4FCEE4E329CE1713000232C2 /* duck.json */ = {isa = PBXFileReference; fileEncoding = 4; lastKnownFileType = text.json; path = duck.json; sourceTree = "<group>"; };
		4FD1B9B329F1886B0092012C /* TODO.md */ = {isa = PBXFileReference; lastKnownFileType = net.daringfireball.markdown; path = TODO.md; sourceTree = "<group>"; };
		4FF2E87229E494E3002F9FF3 /* DrawingViewController.swift */ = {isa = PBXFileReference; lastKnownFileType = sourcecode.swift; path = DrawingViewController.swift; sourceTree = "<group>"; };
/* End PBXFileReference section */

/* Begin PBXFrameworksBuildPhase section */
		4FCEE4C329CE0F5F000232C2 /* Frameworks */ = {
			isa = PBXFrameworksBuildPhase;
			buildActionMask = 2147483647;
			files = (
				4FCEE4E229CE162D000232C2 /* Lottie in Frameworks */,
			);
			runOnlyForDeploymentPostprocessing = 0;
		};
/* End PBXFrameworksBuildPhase section */

/* Begin PBXGroup section */
		4F0E19C329E71ABA0042125A /* View */ = {
			isa = PBXGroup;
			children = (
				4F051BBC29DC6FCE005F223A /* PhotoCollectionViewCell.swift */,
				4F13BB7D29D5EB9400901944 /* PhotoGridViewController.swift */,
			);
			path = View;
			sourceTree = "<group>";
		};
		4F0E19C429E71AC20042125A /* Presenter */ = {
			isa = PBXGroup;
			children = (
				4F0E19C529E71AD90042125A /* PhotoGridPresenter.swift */,
			);
			path = Presenter;
			sourceTree = "<group>";
		};
		4F13BB7F29D5EBA400901944 /* PhotoGridModule */ = {
			isa = PBXGroup;
			children = (
				4FA3C15529ED4B5D00CF75D5 /* Protocols */,
				4F0E19C429E71AC20042125A /* Presenter */,
				4F0E19C329E71ABA0042125A /* View */,
			);
			path = PhotoGridModule;
			sourceTree = "<group>";
		};
		4F3768E32A09572C00246824 /* Text */ = {
			isa = PBXGroup;
			children = (
				4F3768E42A09573500246824 /* View */,
			);
			path = Text;
			sourceTree = "<group>";
		};
		4F3768E42A09573500246824 /* View */ = {
			isa = PBXGroup;
			children = (
				4F3768E52A09575300246824 /* TextView.swift */,
			);
			path = View;
			sourceTree = "<group>";
		};
		4F3C73E029E81BF400FCF6D1 /* ServiceLayer */ = {
			isa = PBXGroup;
			children = (
				4F5C380729F6E340000BB670 /* Protocols */,
				4F3C73E129E81BFB00FCF6D1 /* PhotoService */,
			);
			path = ServiceLayer;
			sourceTree = "<group>";
		};
		4F3C73E129E81BFB00FCF6D1 /* PhotoService */ = {
			isa = PBXGroup;
			children = (
				4F3C73E229E81C1300FCF6D1 /* PhotoService.swift */,
			);
			path = PhotoService;
			sourceTree = "<group>";
		};
		4F48BB1F29EEFD64003A4F96 /* Extensions */ = {
			isa = PBXGroup;
			children = (
				4F48BB2029EEFD73003A4F96 /* ShimmerButton.swift */,
			);
			path = Extensions;
			sourceTree = "<group>";
		};
		4F5C380729F6E340000BB670 /* Protocols */ = {
			isa = PBXGroup;
			children = (
				4F5C380829F6E355000BB670 /* PhotoServiceProtocol.swift */,
			);
			path = Protocols;
			sourceTree = "<group>";
		};
		4F5C380A29F6E5D7000BB670 /* Extensions */ = {
			isa = PBXGroup;
			children = (
				4F04DA442A13CC8D00CBBAC2 /* SizeManager.swift */,
				4F5C380B29F6E5F0000BB670 /* PHAssetExtension.swift */,
			);
			path = Extensions;
			sourceTree = "<group>";
		};
		4FA3C15229ED4A8A00CF75D5 /* Protocols */ = {
			isa = PBXGroup;
			children = (
				4FA3C15329ED4AAB00CF75D5 /* AccessModuleProtocols.swift */,
			);
			path = Protocols;
			sourceTree = "<group>";
		};
		4FA3C15529ED4B5D00CF75D5 /* Protocols */ = {
			isa = PBXGroup;
			children = (
				4FA3C15629ED4B7700CF75D5 /* PhotoGridModuleProtocols.swift */,
			);
			path = Protocols;
			sourceTree = "<group>";
		};
		4FA3C15829ED4D5D00CF75D5 /* Protocols */ = {
			isa = PBXGroup;
			children = (
				4FA3C15929ED4D7700CF75D5 /* DrawingModuleProtocols.swift */,
				4F94DE5C29FFFECF00E30266 /* ContextMenuProtocol.swift */,
			);
			path = Protocols;
			sourceTree = "<group>";
		};
		4FA3C15B29ED4E9600CF75D5 /* Presenter */ = {
			isa = PBXGroup;
			children = (
				4FA3C15C29ED4EC600CF75D5 /* DrawingPresenter.swift */,
			);
			path = Presenter;
			sourceTree = "<group>";
		};
		4FA3C16029ED537B00CF75D5 /* Router */ = {
			isa = PBXGroup;
			children = (
				4FA3C15E29ED526700CF75D5 /* RouterProtocols.swift */,
				4F13BB7B29D5E9BF00901944 /* Router.swift */,
			);
			path = Router;
			sourceTree = "<group>";
		};
		4FA3C16129ED54A800CF75D5 /* ModuleBuilder */ = {
			isa = PBXGroup;
			children = (
				4F13BB7929D5E8A700901944 /* ModuleBuilder.swift */,
				4FA3C16229ED54B900CF75D5 /* ModuleBuilderProtocol.swift */,
			);
			path = ModuleBuilder;
			sourceTree = "<group>";
		};
		4FA72F2629D2074C00172B4B /* Presenter */ = {
			isa = PBXGroup;
			children = (
				4FA72F2729D2078600172B4B /* AccessPresenter.swift */,
			);
			path = Presenter;
			sourceTree = "<group>";
		};
		4FA72F2929D21B8400172B4B /* AccessModule */ = {
			isa = PBXGroup;
			children = (
				4F48BB1F29EEFD64003A4F96 /* Extensions */,
				4FA3C15229ED4A8A00CF75D5 /* Protocols */,
				4FCEE4DD29CE1434000232C2 /* View */,
				4FA72F2629D2074C00172B4B /* Presenter */,
			);
			path = AccessModule;
			sourceTree = "<group>";
		};
		4FBF320F2A1A33F200B85D0D /* MainEditorView */ = {
			isa = PBXGroup;
			children = (
				4F14D85629F57AFE00F16CC2 /* SegmentedMainEditorView.swift */,
				4FBF32112A1A348700B85D0D /* LeftMainEditorView.swift */,
				4FBF32132A1A367000B85D0D /* RightMainEditorView.swift */,
			);
			path = MainEditorView;
			sourceTree = "<group>";
		};
		4FBF32102A1A343900B85D0D /* CustomViewSetup */ = {
			isa = PBXGroup;
			children = (
				4F577E2629F448C100ADF032 /* Tool.swift */,
				4F14D85829F57CA700F16CC2 /* RoundSegmentedControl.swift */,
				4F4A571529FD837C00B7347B /* CustomSlider.swift */,
			);
			path = CustomViewSetup;
			sourceTree = "<group>";
		};
		4FC5C99929E02C6E009A351B /* DrawingModule */ = {
			isa = PBXGroup;
			children = (
				4F5C380A29F6E5D7000BB670 /* Extensions */,
				4FA3C15B29ED4E9600CF75D5 /* Presenter */,
				4FA3C15829ED4D5D00CF75D5 /* Protocols */,
				4FF2E87129E494CD002F9FF3 /* DrawingVC */,
				4FC5C99A29E02C89009A351B /* View */,
				4F3768E32A09572C00246824 /* Text */,
			);
			path = DrawingModule;
			sourceTree = "<group>";
		};
		4FC5C99A29E02C89009A351B /* View */ = {
			isa = PBXGroup;
			children = (
				4FC5C9BB29E05049009A351B /* ContextMenuView.swift */,
				4FA4B14A2A1132DD0066A6A5 /* DrawOrTextSegment.swift */,
				4F794E8B29F809AB007F3EB9 /* GradientLayerView.swift */,
				4F794EAF29F82E7C007F3EB9 /* ToolEditorView.swift */,
				4FBF320F2A1A33F200B85D0D /* MainEditorView */,
				4FBF32102A1A343900B85D0D /* CustomViewSetup */,
			);
			path = View;
			sourceTree = "<group>";
		};
		4FCEE4BD29CE0F5F000232C2 = {
			isa = PBXGroup;
			children = (
				4FCEE4C829CE0F5F000232C2 /* TelegramContest */,
				4FCEE4C729CE0F5F000232C2 /* Products */,
			);
			sourceTree = "<group>";
		};
		4FCEE4C729CE0F5F000232C2 /* Products */ = {
			isa = PBXGroup;
			children = (
				4FCEE4C629CE0F5F000232C2 /* TelegramContest.app */,
			);
			name = Products;
			sourceTree = "<group>";
		};
		4FCEE4C829CE0F5F000232C2 /* TelegramContest */ = {
			isa = PBXGroup;
			children = (
				4FD1B9B329F1886B0092012C /* TODO.md */,
				4FCEE4C929CE0F5F000232C2 /* AppDelegate.swift */,
				4FCEE4CB29CE0F5F000232C2 /* SceneDelegate.swift */,
				4FA3C16129ED54A800CF75D5 /* ModuleBuilder */,
				4FA3C16029ED537B00CF75D5 /* Router */,
				4FC5C99929E02C6E009A351B /* DrawingModule */,
				4F3C73E029E81BF400FCF6D1 /* ServiceLayer */,
				4F13BB7F29D5EBA400901944 /* PhotoGridModule */,
				4FA72F2929D21B8400172B4B /* AccessModule */,
				4FCEE4D229CE0F60000232C2 /* Assets.xcassets */,
				4FCEE4D429CE0F60000232C2 /* LaunchScreen.storyboard */,
				4FCEE4D729CE0F60000232C2 /* Info.plist */,
				4FCEE4E329CE1713000232C2 /* duck.json */,
			);
			path = TelegramContest;
			sourceTree = "<group>";
		};
		4FCEE4DD29CE1434000232C2 /* View */ = {
			isa = PBXGroup;
			children = (
				4FCEE4CD29CE0F5F000232C2 /* AccessViewController.swift */,
				4FCEE4DE29CE14BF000232C2 /* AccessView.swift */,
			);
			path = View;
			sourceTree = "<group>";
		};
		4FF2E87129E494CD002F9FF3 /* DrawingVC */ = {
			isa = PBXGroup;
			children = (
				4FF2E87229E494E3002F9FF3 /* DrawingViewController.swift */,
			);
			path = DrawingVC;
			sourceTree = "<group>";
		};
/* End PBXGroup section */

/* Begin PBXNativeTarget section */
		4FCEE4C529CE0F5F000232C2 /* TelegramContest */ = {
			isa = PBXNativeTarget;
			buildConfigurationList = 4FCEE4DA29CE0F60000232C2 /* Build configuration list for PBXNativeTarget "TelegramContest" */;
			buildPhases = (
				4FCEE4C229CE0F5F000232C2 /* Sources */,
				4FCEE4C329CE0F5F000232C2 /* Frameworks */,
				4FCEE4C429CE0F5F000232C2 /* Resources */,
			);
			buildRules = (
			);
			dependencies = (
			);
			name = TelegramContest;
			packageProductDependencies = (
				4FCEE4E129CE162D000232C2 /* Lottie */,
			);
			productName = TelegramContest;
			productReference = 4FCEE4C629CE0F5F000232C2 /* TelegramContest.app */;
			productType = "com.apple.product-type.application";
		};
/* End PBXNativeTarget section */

/* Begin PBXProject section */
		4FCEE4BE29CE0F5F000232C2 /* Project object */ = {
			isa = PBXProject;
			attributes = {
				BuildIndependentTargetsInParallel = 1;
				LastSwiftUpdateCheck = 1420;
				LastUpgradeCheck = 1420;
				TargetAttributes = {
					4FCEE4C529CE0F5F000232C2 = {
						CreatedOnToolsVersion = 14.2;
					};
				};
			};
			buildConfigurationList = 4FCEE4C129CE0F5F000232C2 /* Build configuration list for PBXProject "TelegramContest" */;
			compatibilityVersion = "Xcode 14.0";
			developmentRegion = en;
			hasScannedForEncodings = 0;
			knownRegions = (
				en,
				Base,
			);
			mainGroup = 4FCEE4BD29CE0F5F000232C2;
			packageReferences = (
				4FCEE4E029CE162D000232C2 /* XCRemoteSwiftPackageReference "lottie-spm" */,
			);
			productRefGroup = 4FCEE4C729CE0F5F000232C2 /* Products */;
			projectDirPath = "";
			projectRoot = "";
			targets = (
				4FCEE4C529CE0F5F000232C2 /* TelegramContest */,
			);
		};
/* End PBXProject section */

/* Begin PBXResourcesBuildPhase section */
		4FCEE4C429CE0F5F000232C2 /* Resources */ = {
			isa = PBXResourcesBuildPhase;
			buildActionMask = 2147483647;
			files = (
				4FCEE4D629CE0F60000232C2 /* LaunchScreen.storyboard in Resources */,
				4FCEE4E429CE1713000232C2 /* duck.json in Resources */,
				4FCEE4D329CE0F60000232C2 /* Assets.xcassets in Resources */,
			);
			runOnlyForDeploymentPostprocessing = 0;
		};
/* End PBXResourcesBuildPhase section */

/* Begin PBXSourcesBuildPhase section */
		4FCEE4C229CE0F5F000232C2 /* Sources */ = {
			isa = PBXSourcesBuildPhase;
			buildActionMask = 2147483647;
			files = (
				4F14D85729F57AFE00F16CC2 /* SegmentedMainEditorView.swift in Sources */,
				4FA3C15F29ED526700CF75D5 /* RouterProtocols.swift in Sources */,
				4F13BB7C29D5E9BF00901944 /* Router.swift in Sources */,
				4F04DA452A13CC8D00CBBAC2 /* SizeManager.swift in Sources */,
				4FA72F2829D2078600172B4B /* AccessPresenter.swift in Sources */,
				4FA3C15A29ED4D7700CF75D5 /* DrawingModuleProtocols.swift in Sources */,
				4FA3C16329ED54B900CF75D5 /* ModuleBuilderProtocol.swift in Sources */,
				4FCEE4DF29CE14BF000232C2 /* AccessView.swift in Sources */,
				4FCEE4CE29CE0F5F000232C2 /* AccessViewController.swift in Sources */,
				4FF2E87329E494E3002F9FF3 /* DrawingViewController.swift in Sources */,
				4F3768E62A09575300246824 /* TextView.swift in Sources */,
				4FBF32142A1A367000B85D0D /* RightMainEditorView.swift in Sources */,
				4F48BB2129EEFD73003A4F96 /* ShimmerButton.swift in Sources */,
				4F94DE5D29FFFECF00E30266 /* ContextMenuProtocol.swift in Sources */,
				4F13BB7E29D5EB9400901944 /* PhotoGridViewController.swift in Sources */,
				4F13BB7A29D5E8A700901944 /* ModuleBuilder.swift in Sources */,
				4F794E8C29F809AB007F3EB9 /* GradientLayerView.swift in Sources */,
				4F794EB029F82E7C007F3EB9 /* ToolEditorView.swift in Sources */,
				4FBF32122A1A348700B85D0D /* LeftMainEditorView.swift in Sources */,
				4F14D85929F57CA700F16CC2 /* RoundSegmentedControl.swift in Sources */,
				4FCEE4CA29CE0F5F000232C2 /* AppDelegate.swift in Sources */,
				4F4A571629FD837C00B7347B /* CustomSlider.swift in Sources */,
				4FA3C15729ED4B7700CF75D5 /* PhotoGridModuleProtocols.swift in Sources */,
				4FA3C15429ED4AAB00CF75D5 /* AccessModuleProtocols.swift in Sources */,
				4F577E2729F448C100ADF032 /* Tool.swift in Sources */,
				4F0E19C629E71AD90042125A /* PhotoGridPresenter.swift in Sources */,
				4F5C380929F6E355000BB670 /* PhotoServiceProtocol.swift in Sources */,
				4FC5C9BC29E05049009A351B /* ContextMenuView.swift in Sources */,
				4F051BBD29DC6FCE005F223A /* PhotoCollectionViewCell.swift in Sources */,
				4FA3C15D29ED4EC600CF75D5 /* DrawingPresenter.swift in Sources */,
				4FA4B14B2A1132DD0066A6A5 /* DrawOrTextSegment.swift in Sources */,
				4F5C380C29F6E5F0000BB670 /* PHAssetExtension.swift in Sources */,
				4F3C73E329E81C1300FCF6D1 /* PhotoService.swift in Sources */,
				4FCEE4CC29CE0F5F000232C2 /* SceneDelegate.swift in Sources */,
			);
			runOnlyForDeploymentPostprocessing = 0;
		};
/* End PBXSourcesBuildPhase section */

/* Begin PBXVariantGroup section */
		4FCEE4D429CE0F60000232C2 /* LaunchScreen.storyboard */ = {
			isa = PBXVariantGroup;
			children = (
				4FCEE4D529CE0F60000232C2 /* Base */,
			);
			name = LaunchScreen.storyboard;
			sourceTree = "<group>";
		};
/* End PBXVariantGroup section */

/* Begin XCBuildConfiguration section */
		4FCEE4D829CE0F60000232C2 /* Debug */ = {
			isa = XCBuildConfiguration;
			buildSettings = {
				ALWAYS_SEARCH_USER_PATHS = NO;
				CLANG_ANALYZER_NONNULL = YES;
				CLANG_ANALYZER_NUMBER_OBJECT_CONVERSION = YES_AGGRESSIVE;
				CLANG_CXX_LANGUAGE_STANDARD = "gnu++20";
				CLANG_ENABLE_MODULES = YES;
				CLANG_ENABLE_OBJC_ARC = YES;
				CLANG_ENABLE_OBJC_WEAK = YES;
				CLANG_WARN_BLOCK_CAPTURE_AUTORELEASING = YES;
				CLANG_WARN_BOOL_CONVERSION = YES;
				CLANG_WARN_COMMA = YES;
				CLANG_WARN_CONSTANT_CONVERSION = YES;
				CLANG_WARN_DEPRECATED_OBJC_IMPLEMENTATIONS = YES;
				CLANG_WARN_DIRECT_OBJC_ISA_USAGE = YES_ERROR;
				CLANG_WARN_DOCUMENTATION_COMMENTS = YES;
				CLANG_WARN_EMPTY_BODY = YES;
				CLANG_WARN_ENUM_CONVERSION = YES;
				CLANG_WARN_INFINITE_RECURSION = YES;
				CLANG_WARN_INT_CONVERSION = YES;
				CLANG_WARN_NON_LITERAL_NULL_CONVERSION = YES;
				CLANG_WARN_OBJC_IMPLICIT_RETAIN_SELF = YES;
				CLANG_WARN_OBJC_LITERAL_CONVERSION = YES;
				CLANG_WARN_OBJC_ROOT_CLASS = YES_ERROR;
				CLANG_WARN_QUOTED_INCLUDE_IN_FRAMEWORK_HEADER = YES;
				CLANG_WARN_RANGE_LOOP_ANALYSIS = YES;
				CLANG_WARN_STRICT_PROTOTYPES = YES;
				CLANG_WARN_SUSPICIOUS_MOVE = YES;
				CLANG_WARN_UNGUARDED_AVAILABILITY = YES_AGGRESSIVE;
				CLANG_WARN_UNREACHABLE_CODE = YES;
				CLANG_WARN__DUPLICATE_METHOD_MATCH = YES;
				COPY_PHASE_STRIP = NO;
				DEBUG_INFORMATION_FORMAT = dwarf;
				ENABLE_STRICT_OBJC_MSGSEND = YES;
				ENABLE_TESTABILITY = YES;
				GCC_C_LANGUAGE_STANDARD = gnu11;
				GCC_DYNAMIC_NO_PIC = NO;
				GCC_NO_COMMON_BLOCKS = YES;
				GCC_OPTIMIZATION_LEVEL = 0;
				GCC_PREPROCESSOR_DEFINITIONS = (
					"DEBUG=1",
					"$(inherited)",
				);
				GCC_WARN_64_TO_32_BIT_CONVERSION = YES;
				GCC_WARN_ABOUT_RETURN_TYPE = YES_ERROR;
				GCC_WARN_UNDECLARED_SELECTOR = YES;
				GCC_WARN_UNINITIALIZED_AUTOS = YES_AGGRESSIVE;
				GCC_WARN_UNUSED_FUNCTION = YES;
				GCC_WARN_UNUSED_VARIABLE = YES;
				IPHONEOS_DEPLOYMENT_TARGET = 16.2;
				MTL_ENABLE_DEBUG_INFO = INCLUDE_SOURCE;
				MTL_FAST_MATH = YES;
				ONLY_ACTIVE_ARCH = YES;
				SDKROOT = iphoneos;
				SWIFT_ACTIVE_COMPILATION_CONDITIONS = DEBUG;
				SWIFT_OPTIMIZATION_LEVEL = "-Onone";
			};
			name = Debug;
		};
		4FCEE4D929CE0F60000232C2 /* Release */ = {
			isa = XCBuildConfiguration;
			buildSettings = {
				ALWAYS_SEARCH_USER_PATHS = NO;
				CLANG_ANALYZER_NONNULL = YES;
				CLANG_ANALYZER_NUMBER_OBJECT_CONVERSION = YES_AGGRESSIVE;
				CLANG_CXX_LANGUAGE_STANDARD = "gnu++20";
				CLANG_ENABLE_MODULES = YES;
				CLANG_ENABLE_OBJC_ARC = YES;
				CLANG_ENABLE_OBJC_WEAK = YES;
				CLANG_WARN_BLOCK_CAPTURE_AUTORELEASING = YES;
				CLANG_WARN_BOOL_CONVERSION = YES;
				CLANG_WARN_COMMA = YES;
				CLANG_WARN_CONSTANT_CONVERSION = YES;
				CLANG_WARN_DEPRECATED_OBJC_IMPLEMENTATIONS = YES;
				CLANG_WARN_DIRECT_OBJC_ISA_USAGE = YES_ERROR;
				CLANG_WARN_DOCUMENTATION_COMMENTS = YES;
				CLANG_WARN_EMPTY_BODY = YES;
				CLANG_WARN_ENUM_CONVERSION = YES;
				CLANG_WARN_INFINITE_RECURSION = YES;
				CLANG_WARN_INT_CONVERSION = YES;
				CLANG_WARN_NON_LITERAL_NULL_CONVERSION = YES;
				CLANG_WARN_OBJC_IMPLICIT_RETAIN_SELF = YES;
				CLANG_WARN_OBJC_LITERAL_CONVERSION = YES;
				CLANG_WARN_OBJC_ROOT_CLASS = YES_ERROR;
				CLANG_WARN_QUOTED_INCLUDE_IN_FRAMEWORK_HEADER = YES;
				CLANG_WARN_RANGE_LOOP_ANALYSIS = YES;
				CLANG_WARN_STRICT_PROTOTYPES = YES;
				CLANG_WARN_SUSPICIOUS_MOVE = YES;
				CLANG_WARN_UNGUARDED_AVAILABILITY = YES_AGGRESSIVE;
				CLANG_WARN_UNREACHABLE_CODE = YES;
				CLANG_WARN__DUPLICATE_METHOD_MATCH = YES;
				COPY_PHASE_STRIP = NO;
				DEBUG_INFORMATION_FORMAT = "dwarf-with-dsym";
				ENABLE_NS_ASSERTIONS = NO;
				ENABLE_STRICT_OBJC_MSGSEND = YES;
				GCC_C_LANGUAGE_STANDARD = gnu11;
				GCC_NO_COMMON_BLOCKS = YES;
				GCC_WARN_64_TO_32_BIT_CONVERSION = YES;
				GCC_WARN_ABOUT_RETURN_TYPE = YES_ERROR;
				GCC_WARN_UNDECLARED_SELECTOR = YES;
				GCC_WARN_UNINITIALIZED_AUTOS = YES_AGGRESSIVE;
				GCC_WARN_UNUSED_FUNCTION = YES;
				GCC_WARN_UNUSED_VARIABLE = YES;
				IPHONEOS_DEPLOYMENT_TARGET = 16.2;
				MTL_ENABLE_DEBUG_INFO = NO;
				MTL_FAST_MATH = YES;
				SDKROOT = iphoneos;
				SWIFT_COMPILATION_MODE = wholemodule;
				SWIFT_OPTIMIZATION_LEVEL = "-O";
				VALIDATE_PRODUCT = YES;
			};
			name = Release;
		};
		4FCEE4DB29CE0F60000232C2 /* Debug */ = {
			isa = XCBuildConfiguration;
			buildSettings = {
				ASSETCATALOG_COMPILER_APPICON_NAME = AppIcon;
				ASSETCATALOG_COMPILER_GLOBAL_ACCENT_COLOR_NAME = AccentColor;
				CODE_SIGN_STYLE = Automatic;
				CURRENT_PROJECT_VERSION = 1;
				DEVELOPMENT_TEAM = 8QNN7VX268;
				GENERATE_INFOPLIST_FILE = YES;
				INFOPLIST_FILE = TelegramContest/Info.plist;
				INFOPLIST_KEY_UIApplicationSupportsIndirectInputEvents = YES;
				INFOPLIST_KEY_UILaunchStoryboardName = LaunchScreen;
				INFOPLIST_KEY_UIMainStoryboardFile = "";
				INFOPLIST_KEY_UISupportedInterfaceOrientations = UIInterfaceOrientationPortrait;
				INFOPLIST_KEY_UISupportedInterfaceOrientations_iPad = "UIInterfaceOrientationLandscapeLeft UIInterfaceOrientationLandscapeRight UIInterfaceOrientationPortrait UIInterfaceOrientationPortraitUpsideDown";
				IPHONEOS_DEPLOYMENT_TARGET = 14.5;
				LD_RUNPATH_SEARCH_PATHS = (
					"$(inherited)",
					"@executable_path/Frameworks",
				);
				MARKETING_VERSION = 1.0;
				PRODUCT_BUNDLE_IDENTIFIER = personal.TelegramContest;
				PRODUCT_NAME = "$(TARGET_NAME)";
				SUPPORTED_PLATFORMS = "iphoneos iphonesimulator";
				SUPPORTS_MACCATALYST = NO;
				SUPPORTS_MAC_DESIGNED_FOR_IPHONE_IPAD = NO;
				SWIFT_EMIT_LOC_STRINGS = YES;
				SWIFT_VERSION = 5.0;
				TARGETED_DEVICE_FAMILY = 1;
			};
			name = Debug;
		};
		4FCEE4DC29CE0F60000232C2 /* Release */ = {
			isa = XCBuildConfiguration;
			buildSettings = {
				ASSETCATALOG_COMPILER_APPICON_NAME = AppIcon;
				ASSETCATALOG_COMPILER_GLOBAL_ACCENT_COLOR_NAME = AccentColor;
				CODE_SIGN_STYLE = Automatic;
				CURRENT_PROJECT_VERSION = 1;
				DEVELOPMENT_TEAM = 8QNN7VX268;
				GENERATE_INFOPLIST_FILE = YES;
				INFOPLIST_FILE = TelegramContest/Info.plist;
				INFOPLIST_KEY_UIApplicationSupportsIndirectInputEvents = YES;
				INFOPLIST_KEY_UILaunchStoryboardName = LaunchScreen;
				INFOPLIST_KEY_UIMainStoryboardFile = "";
				INFOPLIST_KEY_UISupportedInterfaceOrientations = UIInterfaceOrientationPortrait;
				INFOPLIST_KEY_UISupportedInterfaceOrientations_iPad = "UIInterfaceOrientationLandscapeLeft UIInterfaceOrientationLandscapeRight UIInterfaceOrientationPortrait UIInterfaceOrientationPortraitUpsideDown";
				IPHONEOS_DEPLOYMENT_TARGET = 14.5;
				LD_RUNPATH_SEARCH_PATHS = (
					"$(inherited)",
					"@executable_path/Frameworks",
				);
				MARKETING_VERSION = 1.0;
				PRODUCT_BUNDLE_IDENTIFIER = personal.TelegramContest;
				PRODUCT_NAME = "$(TARGET_NAME)";
				SUPPORTED_PLATFORMS = "iphoneos iphonesimulator";
				SUPPORTS_MACCATALYST = NO;
				SUPPORTS_MAC_DESIGNED_FOR_IPHONE_IPAD = NO;
				SWIFT_EMIT_LOC_STRINGS = YES;
				SWIFT_VERSION = 5.0;
				TARGETED_DEVICE_FAMILY = 1;
			};
			name = Release;
		};
/* End XCBuildConfiguration section */

/* Begin XCConfigurationList section */
		4FCEE4C129CE0F5F000232C2 /* Build configuration list for PBXProject "TelegramContest" */ = {
			isa = XCConfigurationList;
			buildConfigurations = (
				4FCEE4D829CE0F60000232C2 /* Debug */,
				4FCEE4D929CE0F60000232C2 /* Release */,
			);
			defaultConfigurationIsVisible = 0;
			defaultConfigurationName = Release;
		};
		4FCEE4DA29CE0F60000232C2 /* Build configuration list for PBXNativeTarget "TelegramContest" */ = {
			isa = XCConfigurationList;
			buildConfigurations = (
				4FCEE4DB29CE0F60000232C2 /* Debug */,
				4FCEE4DC29CE0F60000232C2 /* Release */,
			);
			defaultConfigurationIsVisible = 0;
			defaultConfigurationName = Release;
		};
/* End XCConfigurationList section */

/* Begin XCRemoteSwiftPackageReference section */
		4FCEE4E029CE162D000232C2 /* XCRemoteSwiftPackageReference "lottie-spm" */ = {
			isa = XCRemoteSwiftPackageReference;
			repositoryURL = "https://github.com/airbnb/lottie-spm.git";
			requirement = {
				kind = upToNextMajorVersion;
				minimumVersion = 4.0.0;
			};
		};
/* End XCRemoteSwiftPackageReference section */

/* Begin XCSwiftPackageProductDependency section */
		4FCEE4E129CE162D000232C2 /* Lottie */ = {
			isa = XCSwiftPackageProductDependency;
			package = 4FCEE4E029CE162D000232C2 /* XCRemoteSwiftPackageReference "lottie-spm" */;
			productName = Lottie;
		};
/* End XCSwiftPackageProductDependency section */
	};
	rootObject = 4FCEE4BE29CE0F5F000232C2 /* Project object */;
}
